
Microsoft Visual Studio Solution File, Format Version 12.00
# Visual Studio Version 17
VisualStudioVersion = 17.11.35303.130
MinimumVisualStudioVersion = 10.0.40219.1
Project("{FAE04EC0-301F-11D3-BF4B-00C04F79EFBC}") = "carlos-serjoe-a1-project", "carlos-serjoe-a1-project.csproj", "{215FD0D8-4AE1-4FA6-B3B5-DB7AC00C67CC}"
EndProject
Global
	GlobalSection(SolutionConfigurationPlatforms) = preSolution
		Debug|Any CPU = Debug|Any CPU
		Release|Any CPU = Release|Any CPU
	EndGlobalSection
	GlobalSection(ProjectConfigurationPlatforms) = postSolution
		{215FD0D8-4AE1-4FA6-B3B5-DB7AC00C67CC}.Debug|Any CPU.ActiveCfg = Debug|Any CPU
		{215FD0D8-4AE1-4FA6-B3B5-DB7AC00C67CC}.Debug|Any CPU.Build.0 = Debug|Any CPU
		{215FD0D8-4AE1-4FA6-B3B5-DB7AC00C67CC}.Release|Any CPU.ActiveCfg = Release|Any CPU
		{215FD0D8-4AE1-4FA6-B3B5-DB7AC00C67CC}.Release|Any CPU.Build.0 = Release|Any CPU
	EndGlobalSection
	GlobalSection(SolutionProperties) = preSolution
		HideSolutionNode = FALSE
	EndGlobalSection
	GlobalSection(ExtensibilityGlobals) = postSolution
		SolutionGuid = {8C412550-CBC5-4889-A1BC-1B7309A44CE5}
	EndGlobalSection
EndGlobal
